{
  "version": 4,
  "terraform_version": "1.11.1",
  "serial": 3,
  "lineage": "837aa982-0d04-e63a-458f-f371b8b2ba9b",
  "outputs": {},
  "resources": [
    {
      "module": "module.EKS_Cluster",
      "mode": "managed",
      "type": "aws_eks_cluster",
      "name": "santhosh-cluster",
      "provider": "provider[\"registry.terraform.io/hashicorp/aws\"]",
      "instances": [
        {
          "schema_version": 1,
          "attributes": {
            "access_config": [
              {
                "authentication_mode": "CONFIG_MAP",
                "bootstrap_cluster_creator_admin_permissions": true
              }
            ],
            "arn": "arn:aws:eks:ap-south-1:343218218692:cluster/santhosh-node",
            "bootstrap_self_managed_addons": true,
            "certificate_authority": [
              {
                "data": "LS0tLS1CRUdJTiBDRVJUSUZJQ0FURS0tLS0tCk1JSURCVENDQWUyZ0F3SUJBZ0lJUDMrbk5YT3l6amt3RFFZSktvWklodmNOQVFFTEJRQXdGVEVUTUJFR0ExVUUKQXhNS2EzVmlaWEp1WlhSbGN6QWVGdzB5TlRBek1USXhNek14TlRsYUZ3MHpOVEF6TVRBeE16TTJOVGxhTUJVeApFekFSQmdOVkJBTVRDbXQxWW1WeWJtVjBaWE13Z2dFaU1BMEdDU3FHU0liM0RRRUJBUVVBQTRJQkR3QXdnZ0VLCkFvSUJBUUM0ZnU0UmpFZzhjSzhRdWhFbmNCc09Nd3JRdXJQaGVwVHNpNEtGTHhHTnhnUE9kNm1VMkI4dWRaNzIKMVI1aFJyVmVLS1dPSWFkcGsrbjFyOXNlYU1ZMTAwYkZiaGNSczIrRWhkRENmU04vazZCTjdlL0VqTGJ6aXgvVAo3Zi91U3AyNHNQek1QUXJVY2JoRTVuRXBacVZuOFgvVHpTWnFPUTh2RzQ0SzhzQ1JrRzFVSzZYOXY2eTV3TXVSCnZlNVl4NHJjMk03Unh4eEZHRkg2a0FkR1V2WHhKL3AyYWhOb3ZudS9PK3YvdnVHOWJqYUlURFBkdy96VHA4a20KYkt4enoybjVHVUZBWE9Udi95T3lRYk9zbXNsYmRUVXRZNy9aQytIQ01ZeHFLeTB2YkQrWXgzZy9vQXFuaU9jZQp0STZjMkJXZFRmVXpvWnVVRytKVWx3OUp2RVR2QWdNQkFBR2pXVEJYTUE0R0ExVWREd0VCL3dRRUF3SUNwREFQCkJnTlZIUk1CQWY4RUJUQURBUUgvTUIwR0ExVWREZ1FXQkJSQVYzWm9YeVRHYkI5U0FsNjlBaTN5SGQwOHdUQVYKQmdOVkhSRUVEakFNZ2dwcmRXSmxjbTVsZEdWek1BMEdDU3FHU0liM0RRRUJDd1VBQTRJQkFRQ29hMU5kQU9rLwpveXJ4WnpQSHlBQjgxM2FtTWNNVldoVVZZR2Zsa0ozU1dDbkpwRWJpeC9UVW1SaXVNeGN0K3dCNCs5MGdaSWZFCjdOaDZ6RUpoaTFwVVFIWDg0N0FiTk1KQVBVQ2NwUkVHYTdDaXYzYUZicjM1Zmx5RzBLODRWZkdZMTgyaFY0V3AKenIxT29SbHZnSzFjNjl5eWs2MnNzUWxSMzZxeHlrdlNXL3Fua01QZnBMdUp1UjZ6YlJXSSt1Z2dHdWZxSmZnMwoyd1ppU213TjYzTGU3SW1IY2dDSElBcENPa2RPb0lEcEt3eUFVdVBqMW91TUdRaktmQVl3R1ppSVJIa05YUjRXClpldlY4ZEZyNmlZdzZ5akJGallBNHp3SUNEM1BZdUhBN0thRzl6QnhyMnd0LzhWWnRoMWFETHVMaGNqRWQ3R1oKRFJJaXp3STdiSE5BCi0tLS0tRU5EIENFUlRJRklDQVRFLS0tLS0K"
              }
            ],
            "cluster_id": null,
            "compute_config": [],
            "created_at": "2025-03-12T13:32:43Z",
            "enabled_cluster_log_types": null,
            "encryption_config": [],
            "endpoint": "https://56EE27E4F2D7AC59A316E633812F7D86.yl4.ap-south-1.eks.amazonaws.com",
            "id": "santhosh-node",
            "identity": [
              {
                "oidc": [
                  {
                    "issuer": "https://oidc.eks.ap-south-1.amazonaws.com/id/56EE27E4F2D7AC59A316E633812F7D86"
                  }
                ]
              }
            ],
            "kubernetes_network_config": [
              {
                "elastic_load_balancing": [
                  {
                    "enabled": false
                  }
                ],
                "ip_family": "ipv4",
                "service_ipv4_cidr": "10.100.0.0/16",
                "service_ipv6_cidr": ""
              }
            ],
            "name": "santhosh-node",
            "outpost_config": [],
            "platform_version": "eks.20",
            "remote_network_config": [],
            "role_arn": "arn:aws:iam::343218218692:role/eks_cluster_role",
            "status": "ACTIVE",
            "storage_config": [],
            "tags": null,
            "tags_all": {},
            "timeouts": null,
            "upgrade_policy": [
              {
                "support_type": "EXTENDED"
              }
            ],
            "version": "1.31",
            "vpc_config": [
              {
                "cluster_security_group_id": "sg-0dc92a62e0303da7a",
                "endpoint_private_access": false,
                "endpoint_public_access": true,
                "public_access_cidrs": [
                  "0.0.0.0/0"
                ],
                "security_group_ids": null,
                "subnet_ids": [
                  "subnet-08e76bc1ac4c2444b",
                  "subnet-0a8d8e4f6e0d62824",
                  "subnet-0f3ddade51171c44e"
                ],
                "vpc_id": "vpc-00188dd60c7f58c3e"
              }
            ],
            "zonal_shift_config": []
          },
          "sensitive_attributes": [],
          "private": "eyJlMmJmYjczMC1lY2FhLTExZTYtOGY4OC0zNDM2M2JjN2M0YzAiOnsiY3JlYXRlIjoxODAwMDAwMDAwMDAwLCJkZWxldGUiOjkwMDAwMDAwMDAwMCwidXBkYXRlIjozNjAwMDAwMDAwMDAwfSwic2NoZW1hX3ZlcnNpb24iOiIxIn0="
        }
      ]
    },
    {
      "module": "module.EKS_Node",
      "mode": "managed",
      "type": "aws_eks_node_group",
      "name": "santhosh-nodegroup",
      "provider": "provider[\"registry.terraform.io/hashicorp/aws\"]",
      "instances": [
        {
          "schema_version": 0,
          "attributes": {
            "ami_type": "AL2_x86_64",
            "arn": "arn:aws:eks:ap-south-1:343218218692:nodegroup/santhosh-node/santhosh-node-group/00cac54a-1697-ce17-c1cc-dff34efa2dd9",
            "capacity_type": "ON_DEMAND",
            "cluster_name": "santhosh-node",
            "disk_size": 20,
            "force_update_version": null,
            "id": "santhosh-node:santhosh-node-group",
            "instance_types": [
              "t2.micro"
            ],
            "labels": null,
            "launch_template": [],
            "node_group_name": "santhosh-node-group",
            "node_group_name_prefix": "",
            "node_repair_config": [],
            "node_role_arn": "arn:aws:iam::343218218692:role/ec2_nodes_roles",
            "release_version": "1.31.5-20250228",
            "remote_access": [],
            "resources": [
              {
                "autoscaling_groups": [
                  {
                    "name": "eks-santhosh-node-group-00cac54a-1697-ce17-c1cc-dff34efa2dd9"
                  }
                ],
                "remote_access_security_group_id": ""
              }
            ],
            "scaling_config": [
              {
                "desired_size": 3,
                "max_size": 10,
                "min_size": 3
              }
            ],
            "status": "ACTIVE",
            "subnet_ids": [
              "subnet-08e76bc1ac4c2444b",
              "subnet-0a8d8e4f6e0d62824",
              "subnet-0f3ddade51171c44e"
            ],
            "tags": null,
            "tags_all": {},
            "taint": [],
            "timeouts": null,
            "update_config": [
              {
                "max_unavailable": 1,
                "max_unavailable_percentage": 0
              }
            ],
            "version": "1.31"
          },
          "sensitive_attributes": [],
          "private": "eyJlMmJmYjczMC1lY2FhLTExZTYtOGY4OC0zNDM2M2JjN2M0YzAiOnsiY3JlYXRlIjozNjAwMDAwMDAwMDAwLCJkZWxldGUiOjM2MDAwMDAwMDAwMDAsInVwZGF0ZSI6MzYwMDAwMDAwMDAwMH19",
          "dependencies": [
            "module.EKS_Cluster.aws_eks_cluster.santhosh-cluster"
          ]
        }
      ]
    }
  ],
  "check_results": null
}
